// !$*UTF8*$!
{
	archiveVersion = 1;
	classes = {
	};
	objectVersion = 56;
	objects = {

/* Begin PBXBuildFile section */
		89A902BE2939595D00239D05 /* EditBookView.swift in Sources */ = {isa = PBXBuildFile; fileRef = 89A902BD2939595D00239D05 /* EditBookView.swift */; };
		89B7F28C2938A62B00265D93 /* Book_CatalogApp.swift in Sources */ = {isa = PBXBuildFile; fileRef = 89B7F28B2938A62B00265D93 /* Book_CatalogApp.swift */; };
		89B7F28E2938A62B00265D93 /* ContentView.swift in Sources */ = {isa = PBXBuildFile; fileRef = 89B7F28D2938A62B00265D93 /* ContentView.swift */; };
		89B7F2902938A62C00265D93 /* Assets.xcassets in Resources */ = {isa = PBXBuildFile; fileRef = 89B7F28F2938A62C00265D93 /* Assets.xcassets */; };
		89B7F2932938A62C00265D93 /* Preview Assets.xcassets in Resources */ = {isa = PBXBuildFile; fileRef = 89B7F2922938A62C00265D93 /* Preview Assets.xcassets */; };
		89B7F2952938A62C00265D93 /* Persistence.swift in Sources */ = {isa = PBXBuildFile; fileRef = 89B7F2942938A62C00265D93 /* Persistence.swift */; };
		89B7F2982938A62C00265D93 /* Book_Catalog.xcdatamodeld in Sources */ = {isa = PBXBuildFile; fileRef = 89B7F2962938A62C00265D93 /* Book_Catalog.xcdatamodeld */; };
		89B7F2A22938A62C00265D93 /* Book_CatalogTests.swift in Sources */ = {isa = PBXBuildFile; fileRef = 89B7F2A12938A62C00265D93 /* Book_CatalogTests.swift */; };
		89B7F2AC2938A62C00265D93 /* Book_CatalogUITests.swift in Sources */ = {isa = PBXBuildFile; fileRef = 89B7F2AB2938A62C00265D93 /* Book_CatalogUITests.swift */; };
		89B7F2AE2938A62C00265D93 /* Book_CatalogUITestsLaunchTests.swift in Sources */ = {isa = PBXBuildFile; fileRef = 89B7F2AD2938A62C00265D93 /* Book_CatalogUITestsLaunchTests.swift */; };
		89B7F2BC2938AC6500265D93 /* Book+CoreDataClass.swift in Sources */ = {isa = PBXBuildFile; fileRef = 89B7F2BA2938AC6500265D93 /* Book+CoreDataClass.swift */; };
		89B7F2BD2938AC6500265D93 /* Book+CoreDataProperties.swift in Sources */ = {isa = PBXBuildFile; fileRef = 89B7F2BB2938AC6500265D93 /* Book+CoreDataProperties.swift */; };
		89B7F2BF2938AF5D00265D93 /* NewBookView.swift in Sources */ = {isa = PBXBuildFile; fileRef = 89B7F2BE2938AF5D00265D93 /* NewBookView.swift */; };
		89B7F2C12938CFFA00265D93 /* BookDetailView.swift in Sources */ = {isa = PBXBuildFile; fileRef = 89B7F2C02938CFFA00265D93 /* BookDetailView.swift */; };
/* End PBXBuildFile section */

/* Begin PBXContainerItemProxy section */
		89B7F29E2938A62C00265D93 /* PBXContainerItemProxy */ = {
			isa = PBXContainerItemProxy;
			containerPortal = 89B7F2802938A62B00265D93 /* Project object */;
			proxyType = 1;
			remoteGlobalIDString = 89B7F2872938A62B00265D93;
			remoteInfo = "Book Catalog";
		};
		89B7F2A82938A62C00265D93 /* PBXContainerItemProxy */ = {
			isa = PBXContainerItemProxy;
			containerPortal = 89B7F2802938A62B00265D93 /* Project object */;
			proxyType = 1;
			remoteGlobalIDString = 89B7F2872938A62B00265D93;
			remoteInfo = "Book Catalog";
		};
/* End PBXContainerItemProxy section */

/* Begin PBXFileReference section */
		89A902BD2939595D00239D05 /* EditBookView.swift */ = {isa = PBXFileReference; lastKnownFileType = sourcecode.swift; path = EditBookView.swift; sourceTree = "<group>"; };
		89B7F2882938A62B00265D93 /* Book Catalog.app */ = {isa = PBXFileReference; explicitFileType = wrapper.application; includeInIndex = 0; path = "Book Catalog.app"; sourceTree = BUILT_PRODUCTS_DIR; };
		89B7F28B2938A62B00265D93 /* Book_CatalogApp.swift */ = {isa = PBXFileReference; lastKnownFileType = sourcecode.swift; path = Book_CatalogApp.swift; sourceTree = "<group>"; };
		89B7F28D2938A62B00265D93 /* ContentView.swift */ = {isa = PBXFileReference; lastKnownFileType = sourcecode.swift; path = ContentView.swift; sourceTree = "<group>"; };
		89B7F28F2938A62C00265D93 /* Assets.xcassets */ = {isa = PBXFileReference; lastKnownFileType = folder.assetcatalog; path = Assets.xcassets; sourceTree = "<group>"; };
		89B7F2922938A62C00265D93 /* Preview Assets.xcassets */ = {isa = PBXFileReference; lastKnownFileType = folder.assetcatalog; path = "Preview Assets.xcassets"; sourceTree = "<group>"; };
		89B7F2942938A62C00265D93 /* Persistence.swift */ = {isa = PBXFileReference; lastKnownFileType = sourcecode.swift; path = Persistence.swift; sourceTree = "<group>"; };
		89B7F2972938A62C00265D93 /* Book_Catalog.xcdatamodel */ = {isa = PBXFileReference; lastKnownFileType = wrapper.xcdatamodel; path = Book_Catalog.xcdatamodel; sourceTree = "<group>"; };
		89B7F29D2938A62C00265D93 /* Book CatalogTests.xctest */ = {isa = PBXFileReference; explicitFileType = wrapper.cfbundle; includeInIndex = 0; path = "Book CatalogTests.xctest"; sourceTree = BUILT_PRODUCTS_DIR; };
		89B7F2A12938A62C00265D93 /* Book_CatalogTests.swift */ = {isa = PBXFileReference; lastKnownFileType = sourcecode.swift; path = Book_CatalogTests.swift; sourceTree = "<group>"; };
		89B7F2A72938A62C00265D93 /* Book CatalogUITests.xctest */ = {isa = PBXFileReference; explicitFileType = wrapper.cfbundle; includeInIndex = 0; path = "Book CatalogUITests.xctest"; sourceTree = BUILT_PRODUCTS_DIR; };
		89B7F2AB2938A62C00265D93 /* Book_CatalogUITests.swift */ = {isa = PBXFileReference; lastKnownFileType = sourcecode.swift; path = Book_CatalogUITests.swift; sourceTree = "<group>"; };
		89B7F2AD2938A62C00265D93 /* Book_CatalogUITestsLaunchTests.swift */ = {isa = PBXFileReference; lastKnownFileType = sourcecode.swift; path = Book_CatalogUITestsLaunchTests.swift; sourceTree = "<group>"; };
		89B7F2BA2938AC6500265D93 /* Book+CoreDataClass.swift */ = {isa = PBXFileReference; lastKnownFileType = sourcecode.swift; path = "Book+CoreDataClass.swift"; sourceTree = "<group>"; };
		89B7F2BB2938AC6500265D93 /* Book+CoreDataProperties.swift */ = {isa = PBXFileReference; lastKnownFileType = sourcecode.swift; path = "Book+CoreDataProperties.swift"; sourceTree = "<group>"; };
		89B7F2BE2938AF5D00265D93 /* NewBookView.swift */ = {isa = PBXFileReference; lastKnownFileType = sourcecode.swift; path = NewBookView.swift; sourceTree = "<group>"; };
		89B7F2C02938CFFA00265D93 /* BookDetailView.swift */ = {isa = PBXFileReference; lastKnownFileType = sourcecode.swift; path = BookDetailView.swift; sourceTree = "<group>"; };
/* End PBXFileReference section */

/* Begin PBXFrameworksBuildPhase section */
		89B7F2852938A62B00265D93 /* Frameworks */ = {
			isa = PBXFrameworksBuildPhase;
			buildActionMask = 2147483647;
			files = (
			);
			runOnlyForDeploymentPostprocessing = 0;
		};
		89B7F29A2938A62C00265D93 /* Frameworks */ = {
			isa = PBXFrameworksBuildPhase;
			buildActionMask = 2147483647;
			files = (
			);
			runOnlyForDeploymentPostprocessing = 0;
		};
		89B7F2A42938A62C00265D93 /* Frameworks */ = {
			isa = PBXFrameworksBuildPhase;
			buildActionMask = 2147483647;
			files = (
			);
			runOnlyForDeploymentPostprocessing = 0;
		};
/* End PBXFrameworksBuildPhase section */

/* Begin PBXGroup section */
		89B7F27F2938A62B00265D93 = {
			isa = PBXGroup;
			children = (
				89B7F2BA2938AC6500265D93 /* Book+CoreDataClass.swift */,
				89B7F2BB2938AC6500265D93 /* Book+CoreDataProperties.swift */,
				89B7F28A2938A62B00265D93 /* Book Catalog */,
				89B7F2A02938A62C00265D93 /* Book CatalogTests */,
				89B7F2AA2938A62C00265D93 /* Book CatalogUITests */,
				89B7F2892938A62B00265D93 /* Products */,
			);
			sourceTree = "<group>";
		};
		89B7F2892938A62B00265D93 /* Products */ = {
			isa = PBXGroup;
			children = (
				89B7F2882938A62B00265D93 /* Book Catalog.app */,
				89B7F29D2938A62C00265D93 /* Book CatalogTests.xctest */,
				89B7F2A72938A62C00265D93 /* Book CatalogUITests.xctest */,
			);
			name = Products;
			sourceTree = "<group>";
		};
		89B7F28A2938A62B00265D93 /* Book Catalog */ = {
			isa = PBXGroup;
			children = (
				89B7F28B2938A62B00265D93 /* Book_CatalogApp.swift */,
				89B7F28D2938A62B00265D93 /* ContentView.swift */,
				89B7F2BE2938AF5D00265D93 /* NewBookView.swift */,
				89A902BD2939595D00239D05 /* EditBookView.swift */,
				89B7F2C02938CFFA00265D93 /* BookDetailView.swift */,
				89B7F2942938A62C00265D93 /* Persistence.swift */,
				89B7F2962938A62C00265D93 /* Book_Catalog.xcdatamodeld */,
				89B7F28F2938A62C00265D93 /* Assets.xcassets */,
				89B7F2912938A62C00265D93 /* Preview Content */,
			);
			path = "Book Catalog";
			sourceTree = "<group>";
		};
		89B7F2912938A62C00265D93 /* Preview Content */ = {
			isa = PBXGroup;
			children = (
				89B7F2922938A62C00265D93 /* Preview Assets.xcassets */,
			);
			path = "Preview Content";
			sourceTree = "<group>";
		};
		89B7F2A02938A62C00265D93 /* Book CatalogTests */ = {
			isa = PBXGroup;
			children = (
				89B7F2A12938A62C00265D93 /* Book_CatalogTests.swift */,
			);
			path = "Book CatalogTests";
			sourceTree = "<group>";
		};
		89B7F2AA2938A62C00265D93 /* Book CatalogUITests */ = {
			isa = PBXGroup;
			children = (
				89B7F2AB2938A62C00265D93 /* Book_CatalogUITests.swift */,
				89B7F2AD2938A62C00265D93 /* Book_CatalogUITestsLaunchTests.swift */,
			);
			path = "Book CatalogUITests";
			sourceTree = "<group>";
		};
/* End PBXGroup section */

/* Begin PBXNativeTarget section */
		89B7F2872938A62B00265D93 /* Book Catalog */ = {
			isa = PBXNativeTarget;
			buildConfigurationList = 89B7F2B12938A62C00265D93 /* Build configuration list for PBXNativeTarget "Book Catalog" */;
			buildPhases = (
				89B7F2842938A62B00265D93 /* Sources */,
				89B7F2852938A62B00265D93 /* Frameworks */,
				89B7F2862938A62B00265D93 /* Resources */,
			);
			buildRules = (
			);
			dependencies = (
			);
			name = "Book Catalog";
			productName = "Book Catalog";
			productReference = 89B7F2882938A62B00265D93 /* Book Catalog.app */;
			productType = "com.apple.product-type.application";
		};
		89B7F29C2938A62C00265D93 /* Book CatalogTests */ = {
			isa = PBXNativeTarget;
			buildConfigurationList = 89B7F2B42938A62C00265D93 /* Build configuration list for PBXNativeTarget "Book CatalogTests" */;
			buildPhases = (
				89B7F2992938A62C00265D93 /* Sources */,
				89B7F29A2938A62C00265D93 /* Frameworks */,
				89B7F29B2938A62C00265D93 /* Resources */,
			);
			buildRules = (
			);
			dependencies = (
				89B7F29F2938A62C00265D93 /* PBXTargetDependency */,
			);
			name = "Book CatalogTests";
			productName = "Book CatalogTests";
			productReference = 89B7F29D2938A62C00265D93 /* Book CatalogTests.xctest */;
			productType = "com.apple.product-type.bundle.unit-test";
		};
		89B7F2A62938A62C00265D93 /* Book CatalogUITests */ = {
			isa = PBXNativeTarget;
			buildConfigurationList = 89B7F2B72938A62C00265D93 /* Build configuration list for PBXNativeTarget "Book CatalogUITests" */;
			buildPhases = (
				89B7F2A32938A62C00265D93 /* Sources */,
				89B7F2A42938A62C00265D93 /* Frameworks */,
				89B7F2A52938A62C00265D93 /* Resources */,
			);
			buildRules = (
			);
			dependencies = (
				89B7F2A92938A62C00265D93 /* PBXTargetDependency */,
			);
			name = "Book CatalogUITests";
			productName = "Book CatalogUITests";
			productReference = 89B7F2A72938A62C00265D93 /* Book CatalogUITests.xctest */;
			productType = "com.apple.product-type.bundle.ui-testing";
		};
/* End PBXNativeTarget section */

/* Begin PBXProject section */
		89B7F2802938A62B00265D93 /* Project object */ = {
			isa = PBXProject;
			attributes = {
				BuildIndependentTargetsInParallel = 1;
				LastSwiftUpdateCheck = 1410;
				LastUpgradeCheck = 1410;
				TargetAttributes = {
					89B7F2872938A62B00265D93 = {
						CreatedOnToolsVersion = 14.1;
					};
					89B7F29C2938A62C00265D93 = {
						CreatedOnToolsVersion = 14.1;
						TestTargetID = 89B7F2872938A62B00265D93;
					};
					89B7F2A62938A62C00265D93 = {
						CreatedOnToolsVersion = 14.1;
						TestTargetID = 89B7F2872938A62B00265D93;
					};
				};
			};
			buildConfigurationList = 89B7F2832938A62B00265D93 /* Build configuration list for PBXProject "Book Catalog" */;
			compatibilityVersion = "Xcode 14.0";
			developmentRegion = en;
			hasScannedForEncodings = 0;
			knownRegions = (
				en,
				Base,
			);
			mainGroup = 89B7F27F2938A62B00265D93;
			productRefGroup = 89B7F2892938A62B00265D93 /* Products */;
			projectDirPath = "";
			projectRoot = "";
			targets = (
				89B7F2872938A62B00265D93 /* Book Catalog */,
				89B7F29C2938A62C00265D93 /* Book CatalogTests */,
				89B7F2A62938A62C00265D93 /* Book CatalogUITests */,
			);
		};
/* End PBXProject section */

/* Begin PBXResourcesBuildPhase section */
		89B7F2862938A62B00265D93 /* Resources */ = {
			isa = PBXResourcesBuildPhase;
			buildActionMask = 2147483647;
			files = (
				89B7F2932938A62C00265D93 /* Preview Assets.xcassets in Resources */,
				89B7F2902938A62C00265D93 /* Assets.xcassets in Resources */,
			);
			runOnlyForDeploymentPostprocessing = 0;
		};
		89B7F29B2938A62C00265D93 /* Resources */ = {
			isa = PBXResourcesBuildPhase;
			buildActionMask = 2147483647;
			files = (
			);
			runOnlyForDeploymentPostprocessing = 0;
		};
		89B7F2A52938A62C00265D93 /* Resources */ = {
			isa = PBXResourcesBuildPhase;
			buildActionMask = 2147483647;
			files = (
			);
			runOnlyForDeploymentPostprocessing = 0;
		};
/* End PBXResourcesBuildPhase section */

/* Begin PBXSourcesBuildPhase section */
		89B7F2842938A62B00265D93 /* Sources */ = {
			isa = PBXSourcesBuildPhase;
			buildActionMask = 2147483647;
			files = (
				89A902BE2939595D00239D05 /* EditBookView.swift in Sources */,
				89B7F2C12938CFFA00265D93 /* BookDetailView.swift in Sources */,
				89B7F2BC2938AC6500265D93 /* Book+CoreDataClass.swift in Sources */,
				89B7F2952938A62C00265D93 /* Persistence.swift in Sources */,
				89B7F2BD2938AC6500265D93 /* Book+CoreDataProperties.swift in Sources */,
				89B7F28E2938A62B00265D93 /* ContentView.swift in Sources */,
				89B7F2982938A62C00265D93 /* Book_Catalog.xcdatamodeld in Sources */,
				89B7F28C2938A62B00265D93 /* Book_CatalogApp.swift in Sources */,
				89B7F2BF2938AF5D00265D93 /* NewBookView.swift in Sources */,
			);
			runOnlyForDeploymentPostprocessing = 0;
		};
		89B7F2992938A62C00265D93 /* Sources */ = {
			isa = PBXSourcesBuildPhase;
			buildActionMask = 2147483647;
			files = (
				89B7F2A22938A62C00265D93 /* Book_CatalogTests.swift in Sources */,
			);
			runOnlyForDeploymentPostprocessing = 0;
		};
		89B7F2A32938A62C00265D93 /* Sources */ = {
			isa = PBXSourcesBuildPhase;
			buildActionMask = 2147483647;
			files = (
				89B7F2AC2938A62C00265D93 /* Book_CatalogUITests.swift in Sources */,
				89B7F2AE2938A62C00265D93 /* Book_CatalogUITestsLaunchTests.swift in Sources */,
			);
			runOnlyForDeploymentPostprocessing = 0;
		};
/* End PBXSourcesBuildPhase section */

/* Begin PBXTargetDependency section */
		89B7F29F2938A62C00265D93 /* PBXTargetDependency */ = {
			isa = PBXTargetDependency;
			target = 89B7F2872938A62B00265D93 /* Book Catalog */;
			targetProxy = 89B7F29E2938A62C00265D93 /* PBXContainerItemProxy */;
		};
		89B7F2A92938A62C00265D93 /* PBXTargetDependency */ = {
			isa = PBXTargetDependency;
			target = 89B7F2872938A62B00265D93 /* Book Catalog */;
			targetProxy = 89B7F2A82938A62C00265D93 /* PBXContainerItemProxy */;
		};
/* End PBXTargetDependency section */

/* Begin XCBuildConfiguration section */
		89B7F2AF2938A62C00265D93 /* Debug */ = {
			isa = XCBuildConfiguration;
			buildSettings = {
				ALWAYS_SEARCH_USER_PATHS = NO;
				CLANG_ANALYZER_NONNULL = YES;
				CLANG_ANALYZER_NUMBER_OBJECT_CONVERSION = YES_AGGRESSIVE;
				CLANG_CXX_LANGUAGE_STANDARD = "gnu++20";
				CLANG_ENABLE_MODULES = YES;
				CLANG_ENABLE_OBJC_ARC = YES;
				CLANG_ENABLE_OBJC_WEAK = YES;
				CLANG_WARN_BLOCK_CAPTURE_AUTORELEASING = YES;
				CLANG_WARN_BOOL_CONVERSION = YES;
				CLANG_WARN_COMMA = YES;
				CLANG_WARN_CONSTANT_CONVERSION = YES;
				CLANG_WARN_DEPRECATED_OBJC_IMPLEMENTATIONS = YES;
				CLANG_WARN_DIRECT_OBJC_ISA_USAGE = YES_ERROR;
				CLANG_WARN_DOCUMENTATION_COMMENTS = YES;
				CLANG_WARN_EMPTY_BODY = YES;
				CLANG_WARN_ENUM_CONVERSION = YES;
				CLANG_WARN_INFINITE_RECURSION = YES;
				CLANG_WARN_INT_CONVERSION = YES;
				CLANG_WARN_NON_LITERAL_NULL_CONVERSION = YES;
				CLANG_WARN_OBJC_IMPLICIT_RETAIN_SELF = YES;
				CLANG_WARN_OBJC_LITERAL_CONVERSION = YES;
				CLANG_WARN_OBJC_ROOT_CLASS = YES_ERROR;
				CLANG_WARN_QUOTED_INCLUDE_IN_FRAMEWORK_HEADER = YES;
				CLANG_WARN_RANGE_LOOP_ANALYSIS = YES;
				CLANG_WARN_STRICT_PROTOTYPES = YES;
				CLANG_WARN_SUSPICIOUS_MOVE = YES;
				CLANG_WARN_UNGUARDED_AVAILABILITY = YES_AGGRESSIVE;
				CLANG_WARN_UNREACHABLE_CODE = YES;
				CLANG_WARN__DUPLICATE_METHOD_MATCH = YES;
				COPY_PHASE_STRIP = NO;
				DEBUG_INFORMATION_FORMAT = dwarf;
				ENABLE_STRICT_OBJC_MSGSEND = YES;
				ENABLE_TESTABILITY = YES;
				GCC_C_LANGUAGE_STANDARD = gnu11;
				GCC_DYNAMIC_NO_PIC = NO;
				GCC_NO_COMMON_BLOCKS = YES;
				GCC_OPTIMIZATION_LEVEL = 0;
				GCC_PREPROCESSOR_DEFINITIONS = (
					"DEBUG=1",
					"$(inherited)",
				);
				GCC_WARN_64_TO_32_BIT_CONVERSION = YES;
				GCC_WARN_ABOUT_RETURN_TYPE = YES_ERROR;
				GCC_WARN_UNDECLARED_SELECTOR = YES;
				GCC_WARN_UNINITIALIZED_AUTOS = YES_AGGRESSIVE;
				GCC_WARN_UNUSED_FUNCTION = YES;
				GCC_WARN_UNUSED_VARIABLE = YES;
				IPHONEOS_DEPLOYMENT_TARGET = 16.1;
				MTL_ENABLE_DEBUG_INFO = INCLUDE_SOURCE;
				MTL_FAST_MATH = YES;
				ONLY_ACTIVE_ARCH = YES;
				SDKROOT = iphoneos;
				SWIFT_ACTIVE_COMPILATION_CONDITIONS = DEBUG;
				SWIFT_OPTIMIZATION_LEVEL = "-Onone";
			};
			name = Debug;
		};
		89B7F2B02938A62C00265D93 /* Release */ = {
			isa = XCBuildConfiguration;
			buildSettings = {
				ALWAYS_SEARCH_USER_PATHS = NO;
				CLANG_ANALYZER_NONNULL = YES;
				CLANG_ANALYZER_NUMBER_OBJECT_CONVERSION = YES_AGGRESSIVE;
				CLANG_CXX_LANGUAGE_STANDARD = "gnu++20";
				CLANG_ENABLE_MODULES = YES;
				CLANG_ENABLE_OBJC_ARC = YES;
				CLANG_ENABLE_OBJC_WEAK = YES;
				CLANG_WARN_BLOCK_CAPTURE_AUTORELEASING = YES;
				CLANG_WARN_BOOL_CONVERSION = YES;
				CLANG_WARN_COMMA = YES;
				CLANG_WARN_CONSTANT_CONVERSION = YES;
				CLANG_WARN_DEPRECATED_OBJC_IMPLEMENTATIONS = YES;
				CLANG_WARN_DIRECT_OBJC_ISA_USAGE = YES_ERROR;
				CLANG_WARN_DOCUMENTATION_COMMENTS = YES;
				CLANG_WARN_EMPTY_BODY = YES;
				CLANG_WARN_ENUM_CONVERSION = YES;
				CLANG_WARN_INFINITE_RECURSION = YES;
				CLANG_WARN_INT_CONVERSION = YES;
				CLANG_WARN_NON_LITERAL_NULL_CONVERSION = YES;
				CLANG_WARN_OBJC_IMPLICIT_RETAIN_SELF = YES;
				CLANG_WARN_OBJC_LITERAL_CONVERSION = YES;
				CLANG_WARN_OBJC_ROOT_CLASS = YES_ERROR;
				CLANG_WARN_QUOTED_INCLUDE_IN_FRAMEWORK_HEADER = YES;
				CLANG_WARN_RANGE_LOOP_ANALYSIS = YES;
				CLANG_WARN_STRICT_PROTOTYPES = YES;
				CLANG_WARN_SUSPICIOUS_MOVE = YES;
				CLANG_WARN_UNGUARDED_AVAILABILITY = YES_AGGRESSIVE;
				CLANG_WARN_UNREACHABLE_CODE = YES;
				CLANG_WARN__DUPLICATE_METHOD_MATCH = YES;
				COPY_PHASE_STRIP = NO;
				DEBUG_INFORMATION_FORMAT = "dwarf-with-dsym";
				ENABLE_NS_ASSERTIONS = NO;
				ENABLE_STRICT_OBJC_MSGSEND = YES;
				GCC_C_LANGUAGE_STANDARD = gnu11;
				GCC_NO_COMMON_BLOCKS = YES;
				GCC_WARN_64_TO_32_BIT_CONVERSION = YES;
				GCC_WARN_ABOUT_RETURN_TYPE = YES_ERROR;
				GCC_WARN_UNDECLARED_SELECTOR = YES;
				GCC_WARN_UNINITIALIZED_AUTOS = YES_AGGRESSIVE;
				GCC_WARN_UNUSED_FUNCTION = YES;
				GCC_WARN_UNUSED_VARIABLE = YES;
				IPHONEOS_DEPLOYMENT_TARGET = 16.1;
				MTL_ENABLE_DEBUG_INFO = NO;
				MTL_FAST_MATH = YES;
				SDKROOT = iphoneos;
				SWIFT_COMPILATION_MODE = wholemodule;
				SWIFT_OPTIMIZATION_LEVEL = "-O";
				VALIDATE_PRODUCT = YES;
			};
			name = Release;
		};
		89B7F2B22938A62C00265D93 /* Debug */ = {
			isa = XCBuildConfiguration;
			buildSettings = {
				ASSETCATALOG_COMPILER_APPICON_NAME = AppIcon;
				ASSETCATALOG_COMPILER_GLOBAL_ACCENT_COLOR_NAME = AccentColor;
				CODE_SIGN_STYLE = Automatic;
				CURRENT_PROJECT_VERSION = 1;
				DEVELOPMENT_ASSET_PATHS = "\"Book Catalog/Preview Content\"";
				DEVELOPMENT_TEAM = 5JZ32P94H9;
				ENABLE_PREVIEWS = YES;
				GENERATE_INFOPLIST_FILE = YES;
				INFOPLIST_KEY_UIApplicationSceneManifest_Generation = YES;
				INFOPLIST_KEY_UIApplicationSupportsIndirectInputEvents = YES;
				INFOPLIST_KEY_UILaunchScreen_Generation = YES;
				INFOPLIST_KEY_UIStatusBarStyle = "";
				INFOPLIST_KEY_UISupportedInterfaceOrientations_iPad = "UIInterfaceOrientationPortrait UIInterfaceOrientationPortraitUpsideDown UIInterfaceOrientationLandscapeLeft UIInterfaceOrientationLandscapeRight";
				INFOPLIST_KEY_UISupportedInterfaceOrientations_iPhone = "UIInterfaceOrientationPortrait UIInterfaceOrientationLandscapeLeft UIInterfaceOrientationLandscapeRight";
				IPHONEOS_DEPLOYMENT_TARGET = 15.0;
				LD_RUNPATH_SEARCH_PATHS = (
					"$(inherited)",
					"@executable_path/Frameworks",
				);
				MARKETING_VERSION = 1.0;
				PRODUCT_BUNDLE_IDENTIFIER = "edu.missouri.Book-Catalog";
				PRODUCT_NAME = "$(TARGET_NAME)";
				SWIFT_EMIT_LOC_STRINGS = YES;
				SWIFT_VERSION = 5.0;
				TARGETED_DEVICE_FAMILY = "1,2";
			};
			name = Debug;
		};
		89B7F2B32938A62C00265D93 /* Release */ = {
			isa = XCBuildConfiguration;
			buildSettings = {
				ASSETCATALOG_COMPILER_APPICON_NAME = AppIcon;
				ASSETCATALOG_COMPILER_GLOBAL_ACCENT_COLOR_NAME = AccentColor;
				CODE_SIGN_STYLE = Automatic;
				CURRENT_PROJECT_VERSION = 1;
				DEVELOPMENT_ASSET_PATHS = "\"Book Catalog/Preview Content\"";
				DEVELOPMENT_TEAM = 5JZ32P94H9;
				ENABLE_PREVIEWS = YES;
				GENERATE_INFOPLIST_FILE = YES;
				INFOPLIST_KEY_UIApplicationSceneManifest_Generation = YES;
				INFOPLIST_KEY_UIApplicationSupportsIndirectInputEvents = YES;
				INFOPLIST_KEY_UILaunchScreen_Generation = YES;
				INFOPLIST_KEY_UIStatusBarStyle = "";
				INFOPLIST_KEY_UISupportedInterfaceOrientations_iPad = "UIInterfaceOrientationPortrait UIInterfaceOrientationPortraitUpsideDown UIInterfaceOrientationLandscapeLeft UIInterfaceOrientationLandscapeRight";
				INFOPLIST_KEY_UISupportedInterfaceOrientations_iPhone = "UIInterfaceOrientationPortrait UIInterfaceOrientationLandscapeLeft UIInterfaceOrientationLandscapeRight";
				IPHONEOS_DEPLOYMENT_TARGET = 15.0;
				LD_RUNPATH_SEARCH_PATHS = (
					"$(inherited)",
					"@executable_path/Frameworks",
				);
				MARKETING_VERSION = 1.0;
				PRODUCT_BUNDLE_IDENTIFIER = "edu.missouri.Book-Catalog";
				PRODUCT_NAME = "$(TARGET_NAME)";
				SWIFT_EMIT_LOC_STRINGS = YES;
				SWIFT_VERSION = 5.0;
				TARGETED_DEVICE_FAMILY = "1,2";
			};
			name = Release;
		};
		89B7F2B52938A62C00265D93 /* Debug */ = {
			isa = XCBuildConfiguration;
			buildSettings = {
				ALWAYS_EMBED_SWIFT_STANDARD_LIBRARIES = YES;
				BUNDLE_LOADER = "$(TEST_HOST)";
				CODE_SIGN_STYLE = Automatic;
				CURRENT_PROJECT_VERSION = 1;
				DEVELOPMENT_TEAM = 5JZ32P94H9;
				GENERATE_INFOPLIST_FILE = YES;
				IPHONEOS_DEPLOYMENT_TARGET = 16.1;
				MARKETING_VERSION = 1.0;
				PRODUCT_BUNDLE_IDENTIFIER = "edu.missouri.Book-CatalogTests";
				PRODUCT_NAME = "$(TARGET_NAME)";
				SWIFT_EMIT_LOC_STRINGS = NO;
				SWIFT_VERSION = 5.0;
				TARGETED_DEVICE_FAMILY = "1,2";
				TEST_HOST = "$(BUILT_PRODUCTS_DIR)/Book Catalog.app/$(BUNDLE_EXECUTABLE_FOLDER_PATH)/Book Catalog";
			};
			name = Debug;
		};
		89B7F2B62938A62C00265D93 /* Release */ = {
			isa = XCBuildConfiguration;
			buildSettings = {
				ALWAYS_EMBED_SWIFT_STANDARD_LIBRARIES = YES;
				BUNDLE_LOADER = "$(TEST_HOST)";
				CODE_SIGN_STYLE = Automatic;
				CURRENT_PROJECT_VERSION = 1;
				DEVELOPMENT_TEAM = 5JZ32P94H9;
				GENERATE_INFOPLIST_FILE = YES;
				IPHONEOS_DEPLOYMENT_TARGET = 16.1;
				MARKETING_VERSION = 1.0;
				PRODUCT_BUNDLE_IDENTIFIER = "edu.missouri.Book-CatalogTests";
				PRODUCT_NAME = "$(TARGET_NAME)";
				SWIFT_EMIT_LOC_STRINGS = NO;
				SWIFT_VERSION = 5.0;
				TARGETED_DEVICE_FAMILY = "1,2";
				TEST_HOST = "$(BUILT_PRODUCTS_DIR)/Book Catalog.app/$(BUNDLE_EXECUTABLE_FOLDER_PATH)/Book Catalog";
			};
			name = Release;
		};
		89B7F2B82938A62C00265D93 /* Debug */ = {
			isa = XCBuildConfiguration;
			buildSettings = {
				ALWAYS_EMBED_SWIFT_STANDARD_LIBRARIES = YES;
				CODE_SIGN_STYLE = Automatic;
				CURRENT_PROJECT_VERSION = 1;
				DEVELOPMENT_TEAM = 5JZ32P94H9;
				GENERATE_INFOPLIST_FILE = YES;
				MARKETING_VERSION = 1.0;
				PRODUCT_BUNDLE_IDENTIFIER = "edu.missouri.Book-CatalogUITests";
				PRODUCT_NAME = "$(TARGET_NAME)";
				SWIFT_EMIT_LOC_STRINGS = NO;
				SWIFT_VERSION = 5.0;
				TARGETED_DEVICE_FAMILY = "1,2";
				TEST_TARGET_NAME = "Book Catalog";
			};
			name = Debug;
		};
		89B7F2B92938A62C00265D93 /* Release */ = {
			isa = XCBuildConfiguration;
			buildSettings = {
				ALWAYS_EMBED_SWIFT_STANDARD_LIBRARIES = YES;
				CODE_SIGN_STYLE = Automatic;
				CURRENT_PROJECT_VERSION = 1;
				DEVELOPMENT_TEAM = 5JZ32P94H9;
				GENERATE_INFOPLIST_FILE = YES;
				MARKETING_VERSION = 1.0;
				PRODUCT_BUNDLE_IDENTIFIER = "edu.missouri.Book-CatalogUITests";
				PRODUCT_NAME = "$(TARGET_NAME)";
				SWIFT_EMIT_LOC_STRINGS = NO;
				SWIFT_VERSION = 5.0;
				TARGETED_DEVICE_FAMILY = "1,2";
				TEST_TARGET_NAME = "Book Catalog";
			};
			name = Release;
		};
/* End XCBuildConfiguration section */

/* Begin XCConfigurationList section */
		89B7F2832938A62B00265D93 /* Build configuration list for PBXProject "Book Catalog" */ = {
			isa = XCConfigurationList;
			buildConfigurations = (
				89B7F2AF2938A62C00265D93 /* Debug */,
				89B7F2B02938A62C00265D93 /* Release */,
			);
			defaultConfigurationIsVisible = 0;
			defaultConfigurationName = Release;
		};
		89B7F2B12938A62C00265D93 /* Build configuration list for PBXNativeTarget "Book Catalog" */ = {
			isa = XCConfigurationList;
			buildConfigurations = (
				89B7F2B22938A62C00265D93 /* Debug */,
				89B7F2B32938A62C00265D93 /* Release */,
			);
			defaultConfigurationIsVisible = 0;
			defaultConfigurationName = Release;
		};
		89B7F2B42938A62C00265D93 /* Build configuration list for PBXNativeTarget "Book CatalogTests" */ = {
			isa = XCConfigurationList;
			buildConfigurations = (
				89B7F2B52938A62C00265D93 /* Debug */,
				89B7F2B62938A62C00265D93 /* Release */,
			);
			defaultConfigurationIsVisible = 0;
			defaultConfigurationName = Release;
		};
		89B7F2B72938A62C00265D93 /* Build configuration list for PBXNativeTarget "Book CatalogUITests" */ = {
			isa = XCConfigurationList;
			buildConfigurations = (
				89B7F2B82938A62C00265D93 /* Debug */,
				89B7F2B92938A62C00265D93 /* Release */,
			);
			defaultConfigurationIsVisible = 0;
			defaultConfigurationName = Release;
		};
/* End XCConfigurationList section */

/* Begin XCVersionGroup section */
		89B7F2962938A62C00265D93 /* Book_Catalog.xcdatamodeld */ = {
			isa = XCVersionGroup;
			children = (
				89B7F2972938A62C00265D93 /* Book_Catalog.xcdatamodel */,
			);
			currentVersion = 89B7F2972938A62C00265D93 /* Book_Catalog.xcdatamodel */;
			path = Book_Catalog.xcdatamodeld;
			sourceTree = "<group>";
			versionGroupType = wrapper.xcdatamodel;
		};
/* End XCVersionGroup section */
	};
	rootObject = 89B7F2802938A62B00265D93 /* Project object */;
}
